
Microsoft Visual Studio Solution File, Format Version 12.00
# Visual Studio 2013
VisualStudioVersion = 12.0.31101.0
MinimumVisualStudioVersion = 10.0.40219.1
Project("{FAE04EC0-301F-11D3-BF4B-00C04F79EFBC}") = "Main", "Main\Main.csproj", "{FA14776C-F875-4771-A767-2F918F2D8DB9}"
EndProject
Project("{FAE04EC0-301F-11D3-BF4B-00C04F79EFBC}") = "View", "View\View.csproj", "{289BCF1C-EFCC-4344-A4D6-5643A9422667}"
EndProject
Project("{FAE04EC0-301F-11D3-BF4B-00C04F79EFBC}") = "Controller", "Controller\Controller.csproj", "{3C2A0B3B-E272-43F7-8DB8-7164FEC2C504}"
EndProject
Project("{FAE04EC0-301F-11D3-BF4B-00C04F79EFBC}") = "Model", "Model\Model.csproj", "{7944FAB0-3836-40C9-845E-864BACDE0712}"
EndProject
Project("{FAE04EC0-301F-11D3-BF4B-00C04F79EFBC}") = "Common", "Common\Common.csproj", "{B956D6A2-AF35-4116-840C-F4E5CEFD40F6}"
EndProject
Global
	GlobalSection(SolutionConfigurationPlatforms) = preSolution
		Debug|Any CPU = Debug|Any CPU
		Release|Any CPU = Release|Any CPU
	EndGlobalSection
	GlobalSection(ProjectConfigurationPlatforms) = postSolution
		{FA14776C-F875-4771-A767-2F918F2D8DB9}.Debug|Any CPU.ActiveCfg = Debug|Any CPU
		{FA14776C-F875-4771-A767-2F918F2D8DB9}.Debug|Any CPU.Build.0 = Debug|Any CPU
		{FA14776C-F875-4771-A767-2F918F2D8DB9}.Release|Any CPU.ActiveCfg = Release|Any CPU
		{FA14776C-F875-4771-A767-2F918F2D8DB9}.Release|Any CPU.Build.0 = Release|Any CPU
		{289BCF1C-EFCC-4344-A4D6-5643A9422667}.Debug|Any CPU.ActiveCfg = Debug|Any CPU
		{289BCF1C-EFCC-4344-A4D6-5643A9422667}.Debug|Any CPU.Build.0 = Debug|Any CPU
		{289BCF1C-EFCC-4344-A4D6-5643A9422667}.Release|Any CPU.ActiveCfg = Release|Any CPU
		{289BCF1C-EFCC-4344-A4D6-5643A9422667}.Release|Any CPU.Build.0 = Release|Any CPU
		{3C2A0B3B-E272-43F7-8DB8-7164FEC2C504}.Debug|Any CPU.ActiveCfg = Debug|Any CPU
		{3C2A0B3B-E272-43F7-8DB8-7164FEC2C504}.Debug|Any CPU.Build.0 = Debug|Any CPU
		{3C2A0B3B-E272-43F7-8DB8-7164FEC2C504}.Release|Any CPU.ActiveCfg = Release|Any CPU
		{3C2A0B3B-E272-43F7-8DB8-7164FEC2C504}.Release|Any CPU.Build.0 = Release|Any CPU
		{7944FAB0-3836-40C9-845E-864BACDE0712}.Debug|Any CPU.ActiveCfg = Debug|Any CPU
		{7944FAB0-3836-40C9-845E-864BACDE0712}.Debug|Any CPU.Build.0 = Debug|Any CPU
		{7944FAB0-3836-40C9-845E-864BACDE0712}.Release|Any CPU.ActiveCfg = Release|Any CPU
		{7944FAB0-3836-40C9-845E-864BACDE0712}.Release|Any CPU.Build.0 = Release|Any CPU
		{B956D6A2-AF35-4116-840C-F4E5CEFD40F6}.Debug|Any CPU.ActiveCfg = Debug|Any CPU
		{B956D6A2-AF35-4116-840C-F4E5CEFD40F6}.Debug|Any CPU.Build.0 = Debug|Any CPU
		{B956D6A2-AF35-4116-840C-F4E5CEFD40F6}.Release|Any CPU.ActiveCfg = Release|Any CPU
		{B956D6A2-AF35-4116-840C-F4E5CEFD40F6}.Release|Any CPU.Build.0 = Release|Any CPU
	EndGlobalSection
	GlobalSection(SolutionProperties) = preSolution
		HideSolutionNode = FALSE
	EndGlobalSection
EndGlobal
